
Microsoft Visual Studio Solution File, Format Version 12.00
# Visual Studio Version 17
VisualStudioVersion = 17.13.35825.156 d17.13
MinimumVisualStudioVersion = 10.0.40219.1
Project("{FAE04EC0-301F-11D3-BF4B-00C04F79EFBC}") = "InteractiveRobot", "InteractiveRobot\InteractiveRobot.csproj", "{37F5F84A-EEFA-4A35-A384-7EE4B7A1EB88}"
EndProject
Global
	GlobalSection(SolutionConfigurationPlatforms) = preSolution
		Debug|Any CPU = Debug|Any CPU
		Release|Any CPU = Release|Any CPU
	EndGlobalSection
	GlobalSection(ProjectConfigurationPlatforms) = postSolution
		{37F5F84A-EEFA-4A35-A384-7EE4B7A1EB88}.Debug|Any CPU.ActiveCfg = Debug|Any CPU
		{37F5F84A-EEFA-4A35-A384-7EE4B7A1EB88}.Debug|Any CPU.Build.0 = Debug|Any CPU
		{37F5F84A-EEFA-4A35-A384-7EE4B7A1EB88}.Release|Any CPU.ActiveCfg = Release|Any CPU
		{37F5F84A-EEFA-4A35-A384-7EE4B7A1EB88}.Release|Any CPU.Build.0 = Release|Any CPU
	EndGlobalSection
	GlobalSection(SolutionProperties) = preSolution
		HideSolutionNode = FALSE
	EndGlobalSection
	GlobalSection(ExtensibilityGlobals) = postSolution
		SolutionGuid = {E8CF5ADF-27C0-486F-BA79-DE5B37A7D6FD}
	EndGlobalSection
EndGlobal
